
Microsoft Visual Studio Solution File, Format Version 12.00
# Visual Studio Version 17
VisualStudioVersion = 17.12.35527.113 d17.12
MinimumVisualStudioVersion = 10.0.40219.1
Project("{FAE04EC0-301F-11D3-BF4B-00C04F79EFBC}") = "SchoolProject.Data", "SchoolProject.Data\SchoolProject.Data.csproj", "{F2453A89-EE94-4E9A-B617-556566C2A4B6}"
EndProject
Project("{FAE04EC0-301F-11D3-BF4B-00C04F79EFBC}") = "SchoolProject.Infrastructure", "SchoolProject.Infrastructure\SchoolProject.Infrastructure.csproj", "{5A29261F-F77B-4433-86BE-1644161CDDBB}"
EndProject
Project("{FAE04EC0-301F-11D3-BF4B-00C04F79EFBC}") = "SchoolProject.Service", "SchoolProject.Service\SchoolProject.Service.csproj", "{3CB2F146-4255-4E08-98BC-CB4D8950B93E}"
EndProject
Project("{FAE04EC0-301F-11D3-BF4B-00C04F79EFBC}") = "SchoolProject.Repository", "SchoolProject.Repository\SchoolProject.Repository.csproj", "{E1B8BC27-9E1E-4229-8B01-2AAA1E77238F}"
EndProject
Project("{FAE04EC0-301F-11D3-BF4B-00C04F79EFBC}") = "SchoolProject.Api", "SchoolProject.Api\SchoolProject.Api.csproj", "{4111B332-5B46-4ABE-B5E9-833CDD69681D}"
EndProject
Global
	GlobalSection(SolutionConfigurationPlatforms) = preSolution
		Debug|Any CPU = Debug|Any CPU
		Release|Any CPU = Release|Any CPU
	EndGlobalSection
	GlobalSection(ProjectConfigurationPlatforms) = postSolution
		{F2453A89-EE94-4E9A-B617-556566C2A4B6}.Debug|Any CPU.ActiveCfg = Debug|Any CPU
		{F2453A89-EE94-4E9A-B617-556566C2A4B6}.Debug|Any CPU.Build.0 = Debug|Any CPU
		{F2453A89-EE94-4E9A-B617-556566C2A4B6}.Release|Any CPU.ActiveCfg = Release|Any CPU
		{F2453A89-EE94-4E9A-B617-556566C2A4B6}.Release|Any CPU.Build.0 = Release|Any CPU
		{5A29261F-F77B-4433-86BE-1644161CDDBB}.Debug|Any CPU.ActiveCfg = Debug|Any CPU
		{5A29261F-F77B-4433-86BE-1644161CDDBB}.Debug|Any CPU.Build.0 = Debug|Any CPU
		{5A29261F-F77B-4433-86BE-1644161CDDBB}.Release|Any CPU.ActiveCfg = Release|Any CPU
		{5A29261F-F77B-4433-86BE-1644161CDDBB}.Release|Any CPU.Build.0 = Release|Any CPU
		{3CB2F146-4255-4E08-98BC-CB4D8950B93E}.Debug|Any CPU.ActiveCfg = Debug|Any CPU
		{3CB2F146-4255-4E08-98BC-CB4D8950B93E}.Debug|Any CPU.Build.0 = Debug|Any CPU
		{3CB2F146-4255-4E08-98BC-CB4D8950B93E}.Release|Any CPU.ActiveCfg = Release|Any CPU
		{3CB2F146-4255-4E08-98BC-CB4D8950B93E}.Release|Any CPU.Build.0 = Release|Any CPU
		{E1B8BC27-9E1E-4229-8B01-2AAA1E77238F}.Debug|Any CPU.ActiveCfg = Debug|Any CPU
		{E1B8BC27-9E1E-4229-8B01-2AAA1E77238F}.Debug|Any CPU.Build.0 = Debug|Any CPU
		{E1B8BC27-9E1E-4229-8B01-2AAA1E77238F}.Release|Any CPU.ActiveCfg = Release|Any CPU
		{E1B8BC27-9E1E-4229-8B01-2AAA1E77238F}.Release|Any CPU.Build.0 = Release|Any CPU
		{4111B332-5B46-4ABE-B5E9-833CDD69681D}.Debug|Any CPU.ActiveCfg = Debug|Any CPU
		{4111B332-5B46-4ABE-B5E9-833CDD69681D}.Debug|Any CPU.Build.0 = Debug|Any CPU
		{4111B332-5B46-4ABE-B5E9-833CDD69681D}.Release|Any CPU.ActiveCfg = Release|Any CPU
		{4111B332-5B46-4ABE-B5E9-833CDD69681D}.Release|Any CPU.Build.0 = Release|Any CPU
	EndGlobalSection
	GlobalSection(SolutionProperties) = preSolution
		HideSolutionNode = FALSE
	EndGlobalSection
EndGlobal
